
Microsoft Visual Studio Solution File, Format Version 12.00
# Visual Studio Version 17
VisualStudioVersion = 17.0.31903.59
MinimumVisualStudioVersion = 10.0.40219.1
Project("{9A19103F-16F7-4668-BE54-9A1E7A4F7556}") = "ExpensesSummary.Api", "ExpensesSummary\ExpensesSummary.Api.csproj", "{19B60EB6-7588-4D89-90F8-8FFF365A717F}"
EndProject
Project("{9A19103F-16F7-4668-BE54-9A1E7A4F7556}") = "ExpensesSummary.Domain", "ExpensesSummary.Domain\ExpensesSummary.Domain.csproj", "{752630D7-A86C-4D7B-9ECC-8ADC572B000E}"
EndProject
Project("{9A19103F-16F7-4668-BE54-9A1E7A4F7556}") = "ExpensesSummary.Infrasctructure", "ExpensesSummary.Infrasctructure\ExpensesSummary.Infrasctructure.csproj", "{637DADE2-C808-4E96-A10A-9AA62855DEA3}"
EndProject
Project("{9A19103F-16F7-4668-BE54-9A1E7A4F7556}") = "ExpensesSummary.Repositories", "ExpensesSummary.Repositories\ExpensesSummary.Repositories.csproj", "{24A4C66D-65A7-41A0-9501-DABF0F3C7CBC}"
EndProject
Project("{FAE04EC0-301F-11D3-BF4B-00C04F79EFBC}") = "ExpensesSummary.Tests", "ExpensesSummary.Tests\ExpensesSummary.Tests.csproj", "{313A8D19-407C-47D0-9F2D-30E16E0E6282}"
EndProject
Global
	GlobalSection(SolutionConfigurationPlatforms) = preSolution
		Debug|Any CPU = Debug|Any CPU
		Release|Any CPU = Release|Any CPU
	EndGlobalSection
	GlobalSection(ProjectConfigurationPlatforms) = postSolution
		{19B60EB6-7588-4D89-90F8-8FFF365A717F}.Debug|Any CPU.ActiveCfg = Debug|Any CPU
		{19B60EB6-7588-4D89-90F8-8FFF365A717F}.Debug|Any CPU.Build.0 = Debug|Any CPU
		{19B60EB6-7588-4D89-90F8-8FFF365A717F}.Release|Any CPU.ActiveCfg = Release|Any CPU
		{19B60EB6-7588-4D89-90F8-8FFF365A717F}.Release|Any CPU.Build.0 = Release|Any CPU
		{752630D7-A86C-4D7B-9ECC-8ADC572B000E}.Debug|Any CPU.ActiveCfg = Debug|Any CPU
		{752630D7-A86C-4D7B-9ECC-8ADC572B000E}.Debug|Any CPU.Build.0 = Debug|Any CPU
		{752630D7-A86C-4D7B-9ECC-8ADC572B000E}.Release|Any CPU.ActiveCfg = Release|Any CPU
		{752630D7-A86C-4D7B-9ECC-8ADC572B000E}.Release|Any CPU.Build.0 = Release|Any CPU
		{637DADE2-C808-4E96-A10A-9AA62855DEA3}.Debug|Any CPU.ActiveCfg = Debug|Any CPU
		{637DADE2-C808-4E96-A10A-9AA62855DEA3}.Debug|Any CPU.Build.0 = Debug|Any CPU
		{637DADE2-C808-4E96-A10A-9AA62855DEA3}.Release|Any CPU.ActiveCfg = Release|Any CPU
		{637DADE2-C808-4E96-A10A-9AA62855DEA3}.Release|Any CPU.Build.0 = Release|Any CPU
		{24A4C66D-65A7-41A0-9501-DABF0F3C7CBC}.Debug|Any CPU.ActiveCfg = Debug|Any CPU
		{24A4C66D-65A7-41A0-9501-DABF0F3C7CBC}.Debug|Any CPU.Build.0 = Debug|Any CPU
		{24A4C66D-65A7-41A0-9501-DABF0F3C7CBC}.Release|Any CPU.ActiveCfg = Release|Any CPU
		{24A4C66D-65A7-41A0-9501-DABF0F3C7CBC}.Release|Any CPU.Build.0 = Release|Any CPU
		{313A8D19-407C-47D0-9F2D-30E16E0E6282}.Debug|Any CPU.ActiveCfg = Debug|Any CPU
		{313A8D19-407C-47D0-9F2D-30E16E0E6282}.Debug|Any CPU.Build.0 = Debug|Any CPU
		{313A8D19-407C-47D0-9F2D-30E16E0E6282}.Release|Any CPU.ActiveCfg = Release|Any CPU
		{313A8D19-407C-47D0-9F2D-30E16E0E6282}.Release|Any CPU.Build.0 = Release|Any CPU
	EndGlobalSection
	GlobalSection(SolutionProperties) = preSolution
		HideSolutionNode = FALSE
	EndGlobalSection
	GlobalSection(ExtensibilityGlobals) = postSolution
		SolutionGuid = {E7A24AD9-FDE4-4714-A4B9-9668A2CFF7E7}
	EndGlobalSection
EndGlobal
